
Microsoft Visual Studio Solution File, Format Version 12.00
# Visual Studio Version 16
VisualStudioVersion = 16.0.31624.102
MinimumVisualStudioVersion = 10.0.40219.1
Project("{FAE04EC0-301F-11D3-BF4B-00C04F79EFBC}") = "Vehicules.Common", "Vehicules.Common\Vehicules.Common.csproj", "{628249C5-652E-4FB5-8633-239A3BB8CE52}"
EndProject
Project("{FAE04EC0-301F-11D3-BF4B-00C04F79EFBC}") = "Vehicules.API", "Vehicules.API\Vehicules.API.csproj", "{9374D61C-8F75-4AB9-B03A-09BA7DF2239C}"
EndProject
Global
	GlobalSection(SolutionConfigurationPlatforms) = preSolution
		Debug|Any CPU = Debug|Any CPU
		Release|Any CPU = Release|Any CPU
	EndGlobalSection
	GlobalSection(ProjectConfigurationPlatforms) = postSolution
		{628249C5-652E-4FB5-8633-239A3BB8CE52}.Debug|Any CPU.ActiveCfg = Debug|Any CPU
		{628249C5-652E-4FB5-8633-239A3BB8CE52}.Release|Any CPU.ActiveCfg = Release|Any CPU
		{628249C5-652E-4FB5-8633-239A3BB8CE52}.Release|Any CPU.Build.0 = Release|Any CPU
		{9374D61C-8F75-4AB9-B03A-09BA7DF2239C}.Debug|Any CPU.ActiveCfg = Debug|Any CPU
		{9374D61C-8F75-4AB9-B03A-09BA7DF2239C}.Debug|Any CPU.Build.0 = Debug|Any CPU
		{9374D61C-8F75-4AB9-B03A-09BA7DF2239C}.Release|Any CPU.ActiveCfg = Release|Any CPU
		{9374D61C-8F75-4AB9-B03A-09BA7DF2239C}.Release|Any CPU.Build.0 = Release|Any CPU
	EndGlobalSection
	GlobalSection(SolutionProperties) = preSolution
		HideSolutionNode = FALSE
	EndGlobalSection
	GlobalSection(ExtensibilityGlobals) = postSolution
		SolutionGuid = {138CE6BB-6F0B-404C-8026-D358A00046F9}
	EndGlobalSection
EndGlobal
